
Microsoft Visual Studio Solution File, Format Version 12.00
# Visual Studio Version 16
VisualStudioVersion = 16.0.28803.156
MinimumVisualStudioVersion = 10.0.40219.1
Project("{FAE04EC0-301F-11D3-BF4B-00C04F79EFBC}") = "BMI_170134.Android", "BMI_170134\BMI_170134.Android\BMI_170134.Android.csproj", "{7AEEA5A0-8C8C-4FF3-B251-72A698018F88}"
EndProject
Project("{FAE04EC0-301F-11D3-BF4B-00C04F79EFBC}") = "BMI_170134.iOS", "BMI_170134\BMI_170134.iOS\BMI_170134.iOS.csproj", "{6040F1E3-95E7-4989-979D-1B5BFF3D6C0B}"
EndProject
Project("{FAE04EC0-301F-11D3-BF4B-00C04F79EFBC}") = "BMI_170134", "BMI_170134\BMI_170134\BMI_170134.csproj", "{3C39E674-88E5-4271-B1DB-7223050E0994}"
EndProject
Global
	GlobalSection(SolutionConfigurationPlatforms) = preSolution
		Debug|Any CPU = Debug|Any CPU
		Debug|iPhone = Debug|iPhone
		Debug|iPhoneSimulator = Debug|iPhoneSimulator
		Release|Any CPU = Release|Any CPU
		Release|iPhone = Release|iPhone
		Release|iPhoneSimulator = Release|iPhoneSimulator
	EndGlobalSection
	GlobalSection(ProjectConfigurationPlatforms) = postSolution
		{7AEEA5A0-8C8C-4FF3-B251-72A698018F88}.Debug|Any CPU.ActiveCfg = Debug|Any CPU
		{7AEEA5A0-8C8C-4FF3-B251-72A698018F88}.Debug|Any CPU.Build.0 = Debug|Any CPU
		{7AEEA5A0-8C8C-4FF3-B251-72A698018F88}.Debug|Any CPU.Deploy.0 = Debug|Any CPU
		{7AEEA5A0-8C8C-4FF3-B251-72A698018F88}.Debug|iPhone.ActiveCfg = Debug|Any CPU
		{7AEEA5A0-8C8C-4FF3-B251-72A698018F88}.Debug|iPhone.Build.0 = Debug|Any CPU
		{7AEEA5A0-8C8C-4FF3-B251-72A698018F88}.Debug|iPhone.Deploy.0 = Debug|Any CPU
		{7AEEA5A0-8C8C-4FF3-B251-72A698018F88}.Debug|iPhoneSimulator.ActiveCfg = Debug|Any CPU
		{7AEEA5A0-8C8C-4FF3-B251-72A698018F88}.Debug|iPhoneSimulator.Build.0 = Debug|Any CPU
		{7AEEA5A0-8C8C-4FF3-B251-72A698018F88}.Debug|iPhoneSimulator.Deploy.0 = Debug|Any CPU
		{7AEEA5A0-8C8C-4FF3-B251-72A698018F88}.Release|Any CPU.ActiveCfg = Release|Any CPU
		{7AEEA5A0-8C8C-4FF3-B251-72A698018F88}.Release|Any CPU.Build.0 = Release|Any CPU
		{7AEEA5A0-8C8C-4FF3-B251-72A698018F88}.Release|Any CPU.Deploy.0 = Release|Any CPU
		{7AEEA5A0-8C8C-4FF3-B251-72A698018F88}.Release|iPhone.ActiveCfg = Release|Any CPU
		{7AEEA5A0-8C8C-4FF3-B251-72A698018F88}.Release|iPhone.Build.0 = Release|Any CPU
		{7AEEA5A0-8C8C-4FF3-B251-72A698018F88}.Release|iPhone.Deploy.0 = Release|Any CPU
		{7AEEA5A0-8C8C-4FF3-B251-72A698018F88}.Release|iPhoneSimulator.ActiveCfg = Release|Any CPU
		{7AEEA5A0-8C8C-4FF3-B251-72A698018F88}.Release|iPhoneSimulator.Build.0 = Release|Any CPU
		{7AEEA5A0-8C8C-4FF3-B251-72A698018F88}.Release|iPhoneSimulator.Deploy.0 = Release|Any CPU
		{6040F1E3-95E7-4989-979D-1B5BFF3D6C0B}.Debug|Any CPU.ActiveCfg = Debug|iPhoneSimulator
		{6040F1E3-95E7-4989-979D-1B5BFF3D6C0B}.Debug|Any CPU.Build.0 = Debug|iPhoneSimulator
		{6040F1E3-95E7-4989-979D-1B5BFF3D6C0B}.Debug|Any CPU.Deploy.0 = Debug|iPhoneSimulator
		{6040F1E3-95E7-4989-979D-1B5BFF3D6C0B}.Debug|iPhone.ActiveCfg = Debug|iPhone
		{6040F1E3-95E7-4989-979D-1B5BFF3D6C0B}.Debug|iPhone.Build.0 = Debug|iPhone
		{6040F1E3-95E7-4989-979D-1B5BFF3D6C0B}.Debug|iPhone.Deploy.0 = Debug|iPhone
		{6040F1E3-95E7-4989-979D-1B5BFF3D6C0B}.Debug|iPhoneSimulator.ActiveCfg = Debug|iPhoneSimulator
		{6040F1E3-95E7-4989-979D-1B5BFF3D6C0B}.Debug|iPhoneSimulator.Build.0 = Debug|iPhoneSimulator
		{6040F1E3-95E7-4989-979D-1B5BFF3D6C0B}.Debug|iPhoneSimulator.Deploy.0 = Debug|iPhoneSimulator
		{6040F1E3-95E7-4989-979D-1B5BFF3D6C0B}.Release|Any CPU.ActiveCfg = Release|iPhone
		{6040F1E3-95E7-4989-979D-1B5BFF3D6C0B}.Release|Any CPU.Build.0 = Release|iPhone
		{6040F1E3-95E7-4989-979D-1B5BFF3D6C0B}.Release|Any CPU.Deploy.0 = Release|iPhone
		{6040F1E3-95E7-4989-979D-1B5BFF3D6C0B}.Release|iPhone.ActiveCfg = Release|iPhone
		{6040F1E3-95E7-4989-979D-1B5BFF3D6C0B}.Release|iPhone.Build.0 = Release|iPhone
		{6040F1E3-95E7-4989-979D-1B5BFF3D6C0B}.Release|iPhone.Deploy.0 = Release|iPhone
		{6040F1E3-95E7-4989-979D-1B5BFF3D6C0B}.Release|iPhoneSimulator.ActiveCfg = Release|iPhoneSimulator
		{6040F1E3-95E7-4989-979D-1B5BFF3D6C0B}.Release|iPhoneSimulator.Build.0 = Release|iPhoneSimulator
		{6040F1E3-95E7-4989-979D-1B5BFF3D6C0B}.Release|iPhoneSimulator.Deploy.0 = Release|iPhoneSimulator
		{3C39E674-88E5-4271-B1DB-7223050E0994}.Debug|Any CPU.ActiveCfg = Debug|Any CPU
		{3C39E674-88E5-4271-B1DB-7223050E0994}.Debug|Any CPU.Build.0 = Debug|Any CPU
		{3C39E674-88E5-4271-B1DB-7223050E0994}.Debug|Any CPU.Deploy.0 = Debug|Any CPU
		{3C39E674-88E5-4271-B1DB-7223050E0994}.Debug|iPhone.ActiveCfg = Debug|Any CPU
		{3C39E674-88E5-4271-B1DB-7223050E0994}.Debug|iPhone.Build.0 = Debug|Any CPU
		{3C39E674-88E5-4271-B1DB-7223050E0994}.Debug|iPhone.Deploy.0 = Debug|Any CPU
		{3C39E674-88E5-4271-B1DB-7223050E0994}.Debug|iPhoneSimulator.ActiveCfg = Debug|Any CPU
		{3C39E674-88E5-4271-B1DB-7223050E0994}.Debug|iPhoneSimulator.Build.0 = Debug|Any CPU
		{3C39E674-88E5-4271-B1DB-7223050E0994}.Debug|iPhoneSimulator.Deploy.0 = Debug|Any CPU
		{3C39E674-88E5-4271-B1DB-7223050E0994}.Release|Any CPU.ActiveCfg = Release|Any CPU
		{3C39E674-88E5-4271-B1DB-7223050E0994}.Release|Any CPU.Build.0 = Release|Any CPU
		{3C39E674-88E5-4271-B1DB-7223050E0994}.Release|Any CPU.Deploy.0 = Release|Any CPU
		{3C39E674-88E5-4271-B1DB-7223050E0994}.Release|iPhone.ActiveCfg = Release|Any CPU
		{3C39E674-88E5-4271-B1DB-7223050E0994}.Release|iPhone.Build.0 = Release|Any CPU
		{3C39E674-88E5-4271-B1DB-7223050E0994}.Release|iPhone.Deploy.0 = Release|Any CPU
		{3C39E674-88E5-4271-B1DB-7223050E0994}.Release|iPhoneSimulator.ActiveCfg = Release|Any CPU
		{3C39E674-88E5-4271-B1DB-7223050E0994}.Release|iPhoneSimulator.Build.0 = Release|Any CPU
		{3C39E674-88E5-4271-B1DB-7223050E0994}.Release|iPhoneSimulator.Deploy.0 = Release|Any CPU
	EndGlobalSection
	GlobalSection(SolutionProperties) = preSolution
		HideSolutionNode = FALSE
	EndGlobalSection
	GlobalSection(ExtensibilityGlobals) = postSolution
		SolutionGuid = {BACD453B-F97A-4563-AEA2-AA19FAC90D8F}
	EndGlobalSection
EndGlobal
